
Microsoft Visual Studio Solution File, Format Version 12.00
# Visual Studio 2013
VisualStudioVersion = 12.0.30723.0
MinimumVisualStudioVersion = 10.0.40219.1
Project("{FAE04EC0-301F-11D3-BF4B-00C04F79EFBC}") = "CPSTN_ProductManagement", "CPSTN_ProductManagement\CPSTN_ProductManagement.csproj", "{6C0882B1-EF80-4E26-87E9-66FAA9E370D3}"
EndProject
Project("{FAE04EC0-301F-11D3-BF4B-00C04F79EFBC}") = "JRichard_InventoryClasses", "JRichard_InventoryClasses\JRichard_InventoryClasses.csproj", "{F1A4F334-8E78-4D0A-BDD9-8CC68FAB8F8E}"
EndProject
Project("{FAE04EC0-301F-11D3-BF4B-00C04F79EFBC}") = "JRichard_InventoryDB", "JRichard_InventoryDB\JRichard_InventoryDB.csproj", "{B216CAB7-910C-4F32-8202-BBA8375540DF}"
EndProject
Project("{FAE04EC0-301F-11D3-BF4B-00C04F79EFBC}") = "JRichard_InventoryUI", "JRichard_InventorySystem\JRichard_InventoryUI.csproj", "{1A53C4D6-5679-4FE2-9A6D-F529E974F9E1}"
EndProject
Global
	GlobalSection(SolutionConfigurationPlatforms) = preSolution
		Debug|Any CPU = Debug|Any CPU
		Release|Any CPU = Release|Any CPU
	EndGlobalSection
	GlobalSection(ProjectConfigurationPlatforms) = postSolution
		{6C0882B1-EF80-4E26-87E9-66FAA9E370D3}.Debug|Any CPU.ActiveCfg = Debug|Any CPU
		{6C0882B1-EF80-4E26-87E9-66FAA9E370D3}.Debug|Any CPU.Build.0 = Debug|Any CPU
		{6C0882B1-EF80-4E26-87E9-66FAA9E370D3}.Release|Any CPU.ActiveCfg = Release|Any CPU
		{6C0882B1-EF80-4E26-87E9-66FAA9E370D3}.Release|Any CPU.Build.0 = Release|Any CPU
		{F1A4F334-8E78-4D0A-BDD9-8CC68FAB8F8E}.Debug|Any CPU.ActiveCfg = Debug|Any CPU
		{F1A4F334-8E78-4D0A-BDD9-8CC68FAB8F8E}.Debug|Any CPU.Build.0 = Debug|Any CPU
		{F1A4F334-8E78-4D0A-BDD9-8CC68FAB8F8E}.Release|Any CPU.ActiveCfg = Release|Any CPU
		{F1A4F334-8E78-4D0A-BDD9-8CC68FAB8F8E}.Release|Any CPU.Build.0 = Release|Any CPU
		{B216CAB7-910C-4F32-8202-BBA8375540DF}.Debug|Any CPU.ActiveCfg = Debug|Any CPU
		{B216CAB7-910C-4F32-8202-BBA8375540DF}.Debug|Any CPU.Build.0 = Debug|Any CPU
		{B216CAB7-910C-4F32-8202-BBA8375540DF}.Release|Any CPU.ActiveCfg = Release|Any CPU
		{B216CAB7-910C-4F32-8202-BBA8375540DF}.Release|Any CPU.Build.0 = Release|Any CPU
		{1A53C4D6-5679-4FE2-9A6D-F529E974F9E1}.Debug|Any CPU.ActiveCfg = Debug|Any CPU
		{1A53C4D6-5679-4FE2-9A6D-F529E974F9E1}.Debug|Any CPU.Build.0 = Debug|Any CPU
		{1A53C4D6-5679-4FE2-9A6D-F529E974F9E1}.Release|Any CPU.ActiveCfg = Release|Any CPU
		{1A53C4D6-5679-4FE2-9A6D-F529E974F9E1}.Release|Any CPU.Build.0 = Release|Any CPU
	EndGlobalSection
	GlobalSection(SolutionProperties) = preSolution
		HideSolutionNode = FALSE
	EndGlobalSection
EndGlobal
