
Microsoft Visual Studio Solution File, Format Version 12.00
# Visual Studio 2013
VisualStudioVersion = 12.0.30723.0
MinimumVisualStudioVersion = 10.0.40219.1
Project("{FAE04EC0-301F-11D3-BF4B-00C04F79EFBC}") = "CPSTN_ProductManagement", "CPSTN_ProductManagement\CPSTN_ProductManagement.csproj", "{6C0882B1-EF80-4E26-87E9-66FAA9E370D3}"
EndProject
Project("{FAE04EC0-301F-11D3-BF4B-00C04F79EFBC}") = "JRichard_DB_UI", "JRichard_DB\JRichard_DB_UI.csproj", "{DF878FF9-4DAC-4942-BF3D-7A283AC1C93F}"
EndProject
Project("{FAE04EC0-301F-11D3-BF4B-00C04F79EFBC}") = "JRichard_DB_Tables", "JRichard_DB_Tables\JRichard_DB_Tables.csproj", "{CD8268C4-CF72-4924-AC10-1AA496BC6789}"
EndProject
Project("{FAE04EC0-301F-11D3-BF4B-00C04F79EFBC}") = "JRichard_DB_Classes", "JRichard_DB_Classes\JRichard_DB_Classes.csproj", "{2E59EAC5-7BA9-4139-A1E8-AB2395C1F570}"
EndProject
Global
	GlobalSection(SolutionConfigurationPlatforms) = preSolution
		Debug|Any CPU = Debug|Any CPU
		Release|Any CPU = Release|Any CPU
	EndGlobalSection
	GlobalSection(ProjectConfigurationPlatforms) = postSolution
		{6C0882B1-EF80-4E26-87E9-66FAA9E370D3}.Debug|Any CPU.ActiveCfg = Debug|Any CPU
		{6C0882B1-EF80-4E26-87E9-66FAA9E370D3}.Debug|Any CPU.Build.0 = Debug|Any CPU
		{6C0882B1-EF80-4E26-87E9-66FAA9E370D3}.Release|Any CPU.ActiveCfg = Release|Any CPU
		{6C0882B1-EF80-4E26-87E9-66FAA9E370D3}.Release|Any CPU.Build.0 = Release|Any CPU
		{DF878FF9-4DAC-4942-BF3D-7A283AC1C93F}.Debug|Any CPU.ActiveCfg = Debug|Any CPU
		{DF878FF9-4DAC-4942-BF3D-7A283AC1C93F}.Debug|Any CPU.Build.0 = Debug|Any CPU
		{DF878FF9-4DAC-4942-BF3D-7A283AC1C93F}.Release|Any CPU.ActiveCfg = Release|Any CPU
		{DF878FF9-4DAC-4942-BF3D-7A283AC1C93F}.Release|Any CPU.Build.0 = Release|Any CPU
		{CD8268C4-CF72-4924-AC10-1AA496BC6789}.Debug|Any CPU.ActiveCfg = Debug|Any CPU
		{CD8268C4-CF72-4924-AC10-1AA496BC6789}.Debug|Any CPU.Build.0 = Debug|Any CPU
		{CD8268C4-CF72-4924-AC10-1AA496BC6789}.Release|Any CPU.ActiveCfg = Release|Any CPU
		{CD8268C4-CF72-4924-AC10-1AA496BC6789}.Release|Any CPU.Build.0 = Release|Any CPU
		{2E59EAC5-7BA9-4139-A1E8-AB2395C1F570}.Debug|Any CPU.ActiveCfg = Debug|Any CPU
		{2E59EAC5-7BA9-4139-A1E8-AB2395C1F570}.Debug|Any CPU.Build.0 = Debug|Any CPU
		{2E59EAC5-7BA9-4139-A1E8-AB2395C1F570}.Release|Any CPU.ActiveCfg = Release|Any CPU
		{2E59EAC5-7BA9-4139-A1E8-AB2395C1F570}.Release|Any CPU.Build.0 = Release|Any CPU
	EndGlobalSection
	GlobalSection(SolutionProperties) = preSolution
		HideSolutionNode = FALSE
	EndGlobalSection
EndGlobal
